
Microsoft Visual Studio Solution File, Format Version 12.00
# Visual Studio Version 16
VisualStudioVersion = 16.0.31105.61
MinimumVisualStudioVersion = 10.0.40219.1
Project("{FAE04EC0-301F-11D3-BF4B-00C04F79EFBC}") = "Chapter_30 893 SquaringTheCircle", "Chapter_30 893 SquaringTheCircle.csproj", "{461BAA88-1B8C-456C-9FCD-810D475C210E}"
EndProject
Global
	GlobalSection(SolutionConfigurationPlatforms) = preSolution
		Debug|Any CPU = Debug|Any CPU
		Release|Any CPU = Release|Any CPU
	EndGlobalSection
	GlobalSection(ProjectConfigurationPlatforms) = postSolution
		{461BAA88-1B8C-456C-9FCD-810D475C210E}.Debug|Any CPU.ActiveCfg = Debug|Any CPU
		{461BAA88-1B8C-456C-9FCD-810D475C210E}.Debug|Any CPU.Build.0 = Debug|Any CPU
		{461BAA88-1B8C-456C-9FCD-810D475C210E}.Release|Any CPU.ActiveCfg = Release|Any CPU
		{461BAA88-1B8C-456C-9FCD-810D475C210E}.Release|Any CPU.Build.0 = Release|Any CPU
	EndGlobalSection
	GlobalSection(SolutionProperties) = preSolution
		HideSolutionNode = FALSE
	EndGlobalSection
	GlobalSection(ExtensibilityGlobals) = postSolution
		SolutionGuid = {8D3DE29F-143F-477E-8413-D0146FC451F2}
	EndGlobalSection
EndGlobal
